// !$*UTF8*$!
{
	archiveVersion = 1;
	classes = {
	};
	objectVersion = 77;
	objects = {

/* Begin PBXContainerItemProxy section */
		BADCADBE2E2C241500EA083A /* PBXContainerItemProxy */ = {
			isa = PBXContainerItemProxy;
			containerPortal = BADCADA52E2C241400EA083A /* Project object */;
			proxyType = 1;
			remoteGlobalIDString = BADCADAC2E2C241400EA083A;
			remoteInfo = MusicVisualizer;
		};
		BADCADC82E2C241500EA083A /* PBXContainerItemProxy */ = {
			isa = PBXContainerItemProxy;
			containerPortal = BADCADA52E2C241400EA083A /* Project object */;
			proxyType = 1;
			remoteGlobalIDString = BADCADAC2E2C241400EA083A;
			remoteInfo = MusicVisualizer;
		};
/* End PBXContainerItemProxy section */

/* Begin PBXFileReference section */
		BADCADAD2E2C241400EA083A /* MusicVisualizer.app */ = {isa = PBXFileReference; explicitFileType = wrapper.application; includeInIndex = 0; path = MusicVisualizer.app; sourceTree = BUILT_PRODUCTS_DIR; };
		BADCADBD2E2C241500EA083A /* MusicVisualizerTests.xctest */ = {isa = PBXFileReference; explicitFileType = wrapper.cfbundle; includeInIndex = 0; path = MusicVisualizerTests.xctest; sourceTree = BUILT_PRODUCTS_DIR; };
		BADCADC72E2C241500EA083A /* MusicVisualizerUITests.xctest */ = {isa = PBXFileReference; explicitFileType = wrapper.cfbundle; includeInIndex = 0; path = MusicVisualizerUITests.xctest; sourceTree = BUILT_PRODUCTS_DIR; };
/* End PBXFileReference section */

/* Begin PBXFileSystemSynchronizedRootGroup section */
		BADCADAF2E2C241400EA083A /* MusicVisualizer */ = {
			isa = PBXFileSystemSynchronizedRootGroup;
			path = MusicVisualizer;
			sourceTree = "<group>";
		};
		BADCADC02E2C241500EA083A /* MusicVisualizerTests */ = {
			isa = PBXFileSystemSynchronizedRootGroup;
			path = MusicVisualizerTests;
			sourceTree = "<group>";
		};
		BADCADCA2E2C241500EA083A /* MusicVisualizerUITests */ = {
			isa = PBXFileSystemSynchronizedRootGroup;
			path = MusicVisualizerUITests;
			sourceTree = "<group>";
		};
/* End PBXFileSystemSynchronizedRootGroup section */

/* Begin PBXFrameworksBuildPhase section */
		BADCADAA2E2C241400EA083A /* Frameworks */ = {
			isa = PBXFrameworksBuildPhase;
			buildActionMask = 2147483647;
			files = (
			);
			runOnlyForDeploymentPostprocessing = 0;
		};
		BADCADBA2E2C241500EA083A /* Frameworks */ = {
			isa = PBXFrameworksBuildPhase;
			buildActionMask = 2147483647;
			files = (
			);
			runOnlyForDeploymentPostprocessing = 0;
		};
		BADCADC42E2C241500EA083A /* Frameworks */ = {
			isa = PBXFrameworksBuildPhase;
			buildActionMask = 2147483647;
			files = (
			);
			runOnlyForDeploymentPostprocessing = 0;
		};
/* End PBXFrameworksBuildPhase section */

/* Begin PBXGroup section */
		BADCADA42E2C241400EA083A = {
			isa = PBXGroup;
			children = (
				BADCADAF2E2C241400EA083A /* MusicVisualizer */,
				BADCADC02E2C241500EA083A /* MusicVisualizerTests */,
				BADCADCA2E2C241500EA083A /* MusicVisualizerUITests */,
				BADCADAE2E2C241400EA083A /* Products */,
			);
			sourceTree = "<group>";
		};
		BADCADAE2E2C241400EA083A /* Products */ = {
			isa = PBXGroup;
			children = (
				BADCADAD2E2C241400EA083A /* MusicVisualizer.app */,
				BADCADBD2E2C241500EA083A /* MusicVisualizerTests.xctest */,
				BADCADC72E2C241500EA083A /* MusicVisualizerUITests.xctest */,
			);
			name = Products;
			sourceTree = "<group>";
		};
/* End PBXGroup section */

/* Begin PBXNativeTarget section */
		BADCADAC2E2C241400EA083A /* MusicVisualizer */ = {
			isa = PBXNativeTarget;
			buildConfigurationList = BADCADD12E2C241500EA083A /* Build configuration list for PBXNativeTarget "MusicVisualizer" */;
			buildPhases = (
				BADCADA92E2C241400EA083A /* Sources */,
				BADCADAA2E2C241400EA083A /* Frameworks */,
				BADCADAB2E2C241400EA083A /* Resources */,
			);
			buildRules = (
			);
			dependencies = (
			);
			fileSystemSynchronizedGroups = (
				BADCADAF2E2C241400EA083A /* MusicVisualizer */,
			);
			name = MusicVisualizer;
			packageProductDependencies = (
			);
			productName = MusicVisualizer;
			productReference = BADCADAD2E2C241400EA083A /* MusicVisualizer.app */;
			productType = "com.apple.product-type.application";
		};
		BADCADBC2E2C241500EA083A /* MusicVisualizerTests */ = {
			isa = PBXNativeTarget;
			buildConfigurationList = BADCADD42E2C241500EA083A /* Build configuration list for PBXNativeTarget "MusicVisualizerTests" */;
			buildPhases = (
				BADCADB92E2C241500EA083A /* Sources */,
				BADCADBA2E2C241500EA083A /* Frameworks */,
				BADCADBB2E2C241500EA083A /* Resources */,
			);
			buildRules = (
			);
			dependencies = (
				BADCADBF2E2C241500EA083A /* PBXTargetDependency */,
			);
			fileSystemSynchronizedGroups = (
				BADCADC02E2C241500EA083A /* MusicVisualizerTests */,
			);
			name = MusicVisualizerTests;
			packageProductDependencies = (
			);
			productName = MusicVisualizerTests;
			productReference = BADCADBD2E2C241500EA083A /* MusicVisualizerTests.xctest */;
			productType = "com.apple.product-type.bundle.unit-test";
		};
		BADCADC62E2C241500EA083A /* MusicVisualizerUITests */ = {
			isa = PBXNativeTarget;
			buildConfigurationList = BADCADD72E2C241500EA083A /* Build configuration list for PBXNativeTarget "MusicVisualizerUITests" */;
			buildPhases = (
				BADCADC32E2C241500EA083A /* Sources */,
				BADCADC42E2C241500EA083A /* Frameworks */,
				BADCADC52E2C241500EA083A /* Resources */,
			);
			buildRules = (
			);
			dependencies = (
				BADCADC92E2C241500EA083A /* PBXTargetDependency */,
			);
			fileSystemSynchronizedGroups = (
				BADCADCA2E2C241500EA083A /* MusicVisualizerUITests */,
			);
			name = MusicVisualizerUITests;
			packageProductDependencies = (
			);
			productName = MusicVisualizerUITests;
			productReference = BADCADC72E2C241500EA083A /* MusicVisualizerUITests.xctest */;
			productType = "com.apple.product-type.bundle.ui-testing";
		};
/* End PBXNativeTarget section */

/* Begin PBXProject section */
		BADCADA52E2C241400EA083A /* Project object */ = {
			isa = PBXProject;
			attributes = {
				BuildIndependentTargetsInParallel = 1;
				LastSwiftUpdateCheck = 1620;
				LastUpgradeCheck = 1620;
				TargetAttributes = {
					BADCADAC2E2C241400EA083A = {
						CreatedOnToolsVersion = 16.2;
					};
					BADCADBC2E2C241500EA083A = {
						CreatedOnToolsVersion = 16.2;
						TestTargetID = BADCADAC2E2C241400EA083A;
					};
					BADCADC62E2C241500EA083A = {
						CreatedOnToolsVersion = 16.2;
						TestTargetID = BADCADAC2E2C241400EA083A;
					};
				};
			};
			buildConfigurationList = BADCADA82E2C241400EA083A /* Build configuration list for PBXProject "MusicVisualizer" */;
			developmentRegion = en;
			hasScannedForEncodings = 0;
			knownRegions = (
				en,
				Base,
			);
			mainGroup = BADCADA42E2C241400EA083A;
			minimizedProjectReferenceProxies = 1;
			preferredProjectObjectVersion = 77;
			productRefGroup = BADCADAE2E2C241400EA083A /* Products */;
			projectDirPath = "";
			projectRoot = "";
			targets = (
				BADCADAC2E2C241400EA083A /* MusicVisualizer */,
				BADCADBC2E2C241500EA083A /* MusicVisualizerTests */,
				BADCADC62E2C241500EA083A /* MusicVisualizerUITests */,
			);
		};
/* End PBXProject section */

/* Begin PBXResourcesBuildPhase section */
		BADCADAB2E2C241400EA083A /* Resources */ = {
			isa = PBXResourcesBuildPhase;
			buildActionMask = 2147483647;
			files = (
			);
			runOnlyForDeploymentPostprocessing = 0;
		};
		BADCADBB2E2C241500EA083A /* Resources */ = {
			isa = PBXResourcesBuildPhase;
			buildActionMask = 2147483647;
			files = (
			);
			runOnlyForDeploymentPostprocessing = 0;
		};
		BADCADC52E2C241500EA083A /* Resources */ = {
			isa = PBXResourcesBuildPhase;
			buildActionMask = 2147483647;
			files = (
			);
			runOnlyForDeploymentPostprocessing = 0;
		};
/* End PBXResourcesBuildPhase section */

/* Begin PBXSourcesBuildPhase section */
		BADCADA92E2C241400EA083A /* Sources */ = {
			isa = PBXSourcesBuildPhase;
			buildActionMask = 2147483647;
			files = (
			);
			runOnlyForDeploymentPostprocessing = 0;
		};
		BADCADB92E2C241500EA083A /* Sources */ = {
			isa = PBXSourcesBuildPhase;
			buildActionMask = 2147483647;
			files = (
			);
			runOnlyForDeploymentPostprocessing = 0;
		};
		BADCADC32E2C241500EA083A /* Sources */ = {
			isa = PBXSourcesBuildPhase;
			buildActionMask = 2147483647;
			files = (
			);
			runOnlyForDeploymentPostprocessing = 0;
		};
/* End PBXSourcesBuildPhase section */

/* Begin PBXTargetDependency section */
		BADCADBF2E2C241500EA083A /* PBXTargetDependency */ = {
			isa = PBXTargetDependency;
			target = BADCADAC2E2C241400EA083A /* MusicVisualizer */;
			targetProxy = BADCADBE2E2C241500EA083A /* PBXContainerItemProxy */;
		};
		BADCADC92E2C241500EA083A /* PBXTargetDependency */ = {
			isa = PBXTargetDependency;
			target = BADCADAC2E2C241400EA083A /* MusicVisualizer */;
			targetProxy = BADCADC82E2C241500EA083A /* PBXContainerItemProxy */;
		};
/* End PBXTargetDependency section */

/* Begin XCBuildConfiguration section */
		BADCADCF2E2C241500EA083A /* Debug */ = {
			isa = XCBuildConfiguration;
			buildSettings = {
				ALWAYS_SEARCH_USER_PATHS = NO;
				ASSETCATALOG_COMPILER_GENERATE_SWIFT_ASSET_SYMBOL_EXTENSIONS = YES;
				CLANG_ANALYZER_NONNULL = YES;
				CLANG_ANALYZER_NUMBER_OBJECT_CONVERSION = YES_AGGRESSIVE;
				CLANG_CXX_LANGUAGE_STANDARD = "gnu++20";
				CLANG_ENABLE_MODULES = YES;
				CLANG_ENABLE_OBJC_ARC = YES;
				CLANG_ENABLE_OBJC_WEAK = YES;
				CLANG_WARN_BLOCK_CAPTURE_AUTORELEASING = YES;
				CLANG_WARN_BOOL_CONVERSION = YES;
				CLANG_WARN_COMMA = YES;
				CLANG_WARN_CONSTANT_CONVERSION = YES;
				CLANG_WARN_DEPRECATED_OBJC_IMPLEMENTATIONS = YES;
				CLANG_WARN_DIRECT_OBJC_ISA_USAGE = YES_ERROR;
				CLANG_WARN_DOCUMENTATION_COMMENTS = YES;
				CLANG_WARN_EMPTY_BODY = YES;
				CLANG_WARN_ENUM_CONVERSION = YES;
				CLANG_WARN_INFINITE_RECURSION = YES;
				CLANG_WARN_INT_CONVERSION = YES;
				CLANG_WARN_NON_LITERAL_NULL_CONVERSION = YES;
				CLANG_WARN_OBJC_IMPLICIT_RETAIN_SELF = YES;
				CLANG_WARN_OBJC_LITERAL_CONVERSION = YES;
				CLANG_WARN_OBJC_ROOT_CLASS = YES_ERROR;
				CLANG_WARN_QUOTED_INCLUDE_IN_FRAMEWORK_HEADER = YES;
				CLANG_WARN_RANGE_LOOP_ANALYSIS = YES;
				CLANG_WARN_STRICT_PROTOTYPES = YES;
				CLANG_WARN_SUSPICIOUS_MOVE = YES;
				CLANG_WARN_UNGUARDED_AVAILABILITY = YES_AGGRESSIVE;
				CLANG_WARN_UNREACHABLE_CODE = YES;
				CLANG_WARN__DUPLICATE_METHOD_MATCH = YES;
				COPY_PHASE_STRIP = NO;
				DEBUG_INFORMATION_FORMAT = dwarf;
				ENABLE_STRICT_OBJC_MSGSEND = YES;
				ENABLE_TESTABILITY = YES;
				ENABLE_USER_SCRIPT_SANDBOXING = YES;
				GCC_C_LANGUAGE_STANDARD = gnu17;
				GCC_DYNAMIC_NO_PIC = NO;
				GCC_NO_COMMON_BLOCKS = YES;
				GCC_OPTIMIZATION_LEVEL = 0;
				GCC_PREPROCESSOR_DEFINITIONS = (
					"DEBUG=1",
					"$(inherited)",
				);
				GCC_WARN_64_TO_32_BIT_CONVERSION = YES;
				GCC_WARN_ABOUT_RETURN_TYPE = YES_ERROR;
				GCC_WARN_UNDECLARED_SELECTOR = YES;
				GCC_WARN_UNINITIALIZED_AUTOS = YES_AGGRESSIVE;
				GCC_WARN_UNUSED_FUNCTION = YES;
				GCC_WARN_UNUSED_VARIABLE = YES;
				IPHONEOS_DEPLOYMENT_TARGET = 18.2;
				LOCALIZATION_PREFERS_STRING_CATALOGS = YES;
				MTL_ENABLE_DEBUG_INFO = INCLUDE_SOURCE;
				MTL_FAST_MATH = YES;
				ONLY_ACTIVE_ARCH = YES;
				SDKROOT = iphoneos;
				SWIFT_ACTIVE_COMPILATION_CONDITIONS = "DEBUG $(inherited)";
				SWIFT_OPTIMIZATION_LEVEL = "-Onone";
			};
			name = Debug;
		};
		BADCADD02E2C241500EA083A /* Release */ = {
			isa = XCBuildConfiguration;
			buildSettings = {
				ALWAYS_SEARCH_USER_PATHS = NO;
				ASSETCATALOG_COMPILER_GENERATE_SWIFT_ASSET_SYMBOL_EXTENSIONS = YES;
				CLANG_ANALYZER_NONNULL = YES;
				CLANG_ANALYZER_NUMBER_OBJECT_CONVERSION = YES_AGGRESSIVE;
				CLANG_CXX_LANGUAGE_STANDARD = "gnu++20";
				CLANG_ENABLE_MODULES = YES;
				CLANG_ENABLE_OBJC_ARC = YES;
				CLANG_ENABLE_OBJC_WEAK = YES;
				CLANG_WARN_BLOCK_CAPTURE_AUTORELEASING = YES;
				CLANG_WARN_BOOL_CONVERSION = YES;
				CLANG_WARN_COMMA = YES;
				CLANG_WARN_CONSTANT_CONVERSION = YES;
				CLANG_WARN_DEPRECATED_OBJC_IMPLEMENTATIONS = YES;
				CLANG_WARN_DIRECT_OBJC_ISA_USAGE = YES_ERROR;
				CLANG_WARN_DOCUMENTATION_COMMENTS = YES;
				CLANG_WARN_EMPTY_BODY = YES;
				CLANG_WARN_ENUM_CONVERSION = YES;
				CLANG_WARN_INFINITE_RECURSION = YES;
				CLANG_WARN_INT_CONVERSION = YES;
				CLANG_WARN_NON_LITERAL_NULL_CONVERSION = YES;
				CLANG_WARN_OBJC_IMPLICIT_RETAIN_SELF = YES;
				CLANG_WARN_OBJC_LITERAL_CONVERSION = YES;
				CLANG_WARN_OBJC_ROOT_CLASS = YES_ERROR;
				CLANG_WARN_QUOTED_INCLUDE_IN_FRAMEWORK_HEADER = YES;
				CLANG_WARN_RANGE_LOOP_ANALYSIS = YES;
				CLANG_WARN_STRICT_PROTOTYPES = YES;
				CLANG_WARN_SUSPICIOUS_MOVE = YES;
				CLANG_WARN_UNGUARDED_AVAILABILITY = YES_AGGRESSIVE;
				CLANG_WARN_UNREACHABLE_CODE = YES;
				CLANG_WARN__DUPLICATE_METHOD_MATCH = YES;
				COPY_PHASE_STRIP = NO;
				DEBUG_INFORMATION_FORMAT = "dwarf-with-dsym";
				ENABLE_NS_ASSERTIONS = NO;
				ENABLE_STRICT_OBJC_MSGSEND = YES;
				ENABLE_USER_SCRIPT_SANDBOXING = YES;
				GCC_C_LANGUAGE_STANDARD = gnu17;
				GCC_NO_COMMON_BLOCKS = YES;
				GCC_WARN_64_TO_32_BIT_CONVERSION = YES;
				GCC_WARN_ABOUT_RETURN_TYPE = YES_ERROR;
				GCC_WARN_UNDECLARED_SELECTOR = YES;
				GCC_WARN_UNINITIALIZED_AUTOS = YES_AGGRESSIVE;
				GCC_WARN_UNUSED_FUNCTION = YES;
				GCC_WARN_UNUSED_VARIABLE = YES;
				IPHONEOS_DEPLOYMENT_TARGET = 18.2;
				LOCALIZATION_PREFERS_STRING_CATALOGS = YES;
				MTL_ENABLE_DEBUG_INFO = NO;
				MTL_FAST_MATH = YES;
				SDKROOT = iphoneos;
				SWIFT_COMPILATION_MODE = wholemodule;
				VALIDATE_PRODUCT = YES;
			};
			name = Release;
		};
		BADCADD22E2C241500EA083A /* Debug */ = {
			isa = XCBuildConfiguration;
			buildSettings = {
				ASSETCATALOG_COMPILER_APPICON_NAME = AppIcon;
				ASSETCATALOG_COMPILER_GLOBAL_ACCENT_COLOR_NAME = AccentColor;
				CODE_SIGN_STYLE = Automatic;
				CURRENT_PROJECT_VERSION = 1;
				DEVELOPMENT_ASSET_PATHS = "\"MusicVisualizer/Preview Content\"";
				DEVELOPMENT_TEAM = AN8H79QZL4;
				ENABLE_PREVIEWS = YES;
				GENERATE_INFOPLIST_FILE = YES;
				INFOPLIST_KEY_UIApplicationSceneManifest_Generation = YES;
				INFOPLIST_KEY_UIApplicationSupportsIndirectInputEvents = YES;
				INFOPLIST_KEY_UILaunchScreen_Generation = YES;
				INFOPLIST_KEY_UISupportedInterfaceOrientations_iPad = "UIInterfaceOrientationPortrait UIInterfaceOrientationPortraitUpsideDown UIInterfaceOrientationLandscapeLeft UIInterfaceOrientationLandscapeRight";
				INFOPLIST_KEY_UISupportedInterfaceOrientations_iPhone = "UIInterfaceOrientationPortrait UIInterfaceOrientationLandscapeLeft UIInterfaceOrientationLandscapeRight";
				LD_RUNPATH_SEARCH_PATHS = (
					"$(inherited)",
					"@executable_path/Frameworks",
				);
				MARKETING_VERSION = 1.0;
				PRODUCT_BUNDLE_IDENTIFIER = com.matveycodes.MusicVisualizer;
				PRODUCT_NAME = "$(TARGET_NAME)";
				SWIFT_EMIT_LOC_STRINGS = YES;
				SWIFT_VERSION = 5.0;
				TARGETED_DEVICE_FAMILY = "1,2";
			};
			name = Debug;
		};
		BADCADD32E2C241500EA083A /* Release */ = {
			isa = XCBuildConfiguration;
			buildSettings = {
				ASSETCATALOG_COMPILER_APPICON_NAME = AppIcon;
				ASSETCATALOG_COMPILER_GLOBAL_ACCENT_COLOR_NAME = AccentColor;
				CODE_SIGN_STYLE = Automatic;
				CURRENT_PROJECT_VERSION = 1;
				DEVELOPMENT_ASSET_PATHS = "\"MusicVisualizer/Preview Content\"";
				DEVELOPMENT_TEAM = AN8H79QZL4;
				ENABLE_PREVIEWS = YES;
				GENERATE_INFOPLIST_FILE = YES;
				INFOPLIST_KEY_UIApplicationSceneManifest_Generation = YES;
				INFOPLIST_KEY_UIApplicationSupportsIndirectInputEvents = YES;
				INFOPLIST_KEY_UILaunchScreen_Generation = YES;
				INFOPLIST_KEY_UISupportedInterfaceOrientations_iPad = "UIInterfaceOrientationPortrait UIInterfaceOrientationPortraitUpsideDown UIInterfaceOrientationLandscapeLeft UIInterfaceOrientationLandscapeRight";
				INFOPLIST_KEY_UISupportedInterfaceOrientations_iPhone = "UIInterfaceOrientationPortrait UIInterfaceOrientationLandscapeLeft UIInterfaceOrientationLandscapeRight";
				LD_RUNPATH_SEARCH_PATHS = (
					"$(inherited)",
					"@executable_path/Frameworks",
				);
				MARKETING_VERSION = 1.0;
				PRODUCT_BUNDLE_IDENTIFIER = com.matveycodes.MusicVisualizer;
				PRODUCT_NAME = "$(TARGET_NAME)";
				SWIFT_EMIT_LOC_STRINGS = YES;
				SWIFT_VERSION = 5.0;
				TARGETED_DEVICE_FAMILY = "1,2";
			};
			name = Release;
		};
		BADCADD52E2C241500EA083A /* Debug */ = {
			isa = XCBuildConfiguration;
			buildSettings = {
				BUNDLE_LOADER = "$(TEST_HOST)";
				CODE_SIGN_STYLE = Automatic;
				CURRENT_PROJECT_VERSION = 1;
				DEVELOPMENT_TEAM = AN8H79QZL4;
				GENERATE_INFOPLIST_FILE = YES;
				IPHONEOS_DEPLOYMENT_TARGET = 18.2;
				MARKETING_VERSION = 1.0;
				PRODUCT_BUNDLE_IDENTIFIER = com.matveycodes.MusicVisualizerTests;
				PRODUCT_NAME = "$(TARGET_NAME)";
				SWIFT_EMIT_LOC_STRINGS = NO;
				SWIFT_VERSION = 5.0;
				TARGETED_DEVICE_FAMILY = "1,2";
				TEST_HOST = "$(BUILT_PRODUCTS_DIR)/MusicVisualizer.app/$(BUNDLE_EXECUTABLE_FOLDER_PATH)/MusicVisualizer";
			};
			name = Debug;
		};
		BADCADD62E2C241500EA083A /* Release */ = {
			isa = XCBuildConfiguration;
			buildSettings = {
				BUNDLE_LOADER = "$(TEST_HOST)";
				CODE_SIGN_STYLE = Automatic;
				CURRENT_PROJECT_VERSION = 1;
				DEVELOPMENT_TEAM = AN8H79QZL4;
				GENERATE_INFOPLIST_FILE = YES;
				IPHONEOS_DEPLOYMENT_TARGET = 18.2;
				MARKETING_VERSION = 1.0;
				PRODUCT_BUNDLE_IDENTIFIER = com.matveycodes.MusicVisualizerTests;
				PRODUCT_NAME = "$(TARGET_NAME)";
				SWIFT_EMIT_LOC_STRINGS = NO;
				SWIFT_VERSION = 5.0;
				TARGETED_DEVICE_FAMILY = "1,2";
				TEST_HOST = "$(BUILT_PRODUCTS_DIR)/MusicVisualizer.app/$(BUNDLE_EXECUTABLE_FOLDER_PATH)/MusicVisualizer";
			};
			name = Release;
		};
		BADCADD82E2C241500EA083A /* Debug */ = {
			isa = XCBuildConfiguration;
			buildSettings = {
				CODE_SIGN_STYLE = Automatic;
				CURRENT_PROJECT_VERSION = 1;
				DEVELOPMENT_TEAM = AN8H79QZL4;
				GENERATE_INFOPLIST_FILE = YES;
				MARKETING_VERSION = 1.0;
				PRODUCT_BUNDLE_IDENTIFIER = com.matveycodes.MusicVisualizerUITests;
				PRODUCT_NAME = "$(TARGET_NAME)";
				SWIFT_EMIT_LOC_STRINGS = NO;
				SWIFT_VERSION = 5.0;
				TARGETED_DEVICE_FAMILY = "1,2";
				TEST_TARGET_NAME = MusicVisualizer;
			};
			name = Debug;
		};
		BADCADD92E2C241500EA083A /* Release */ = {
			isa = XCBuildConfiguration;
			buildSettings = {
				CODE_SIGN_STYLE = Automatic;
				CURRENT_PROJECT_VERSION = 1;
				DEVELOPMENT_TEAM = AN8H79QZL4;
				GENERATE_INFOPLIST_FILE = YES;
				MARKETING_VERSION = 1.0;
				PRODUCT_BUNDLE_IDENTIFIER = com.matveycodes.MusicVisualizerUITests;
				PRODUCT_NAME = "$(TARGET_NAME)";
				SWIFT_EMIT_LOC_STRINGS = NO;
				SWIFT_VERSION = 5.0;
				TARGETED_DEVICE_FAMILY = "1,2";
				TEST_TARGET_NAME = MusicVisualizer;
			};
			name = Release;
		};
/* End XCBuildConfiguration section */

/* Begin XCConfigurationList section */
		BADCADA82E2C241400EA083A /* Build configuration list for PBXProject "MusicVisualizer" */ = {
			isa = XCConfigurationList;
			buildConfigurations = (
				BADCADCF2E2C241500EA083A /* Debug */,
				BADCADD02E2C241500EA083A /* Release */,
			);
			defaultConfigurationIsVisible = 0;
			defaultConfigurationName = Release;
		};
		BADCADD12E2C241500EA083A /* Build configuration list for PBXNativeTarget "MusicVisualizer" */ = {
			isa = XCConfigurationList;
			buildConfigurations = (
				BADCADD22E2C241500EA083A /* Debug */,
				BADCADD32E2C241500EA083A /* Release */,
			);
			defaultConfigurationIsVisible = 0;
			defaultConfigurationName = Release;
		};
		BADCADD42E2C241500EA083A /* Build configuration list for PBXNativeTarget "MusicVisualizerTests" */ = {
			isa = XCConfigurationList;
			buildConfigurations = (
				BADCADD52E2C241500EA083A /* Debug */,
				BADCADD62E2C241500EA083A /* Release */,
			);
			defaultConfigurationIsVisible = 0;
			defaultConfigurationName = Release;
		};
		BADCADD72E2C241500EA083A /* Build configuration list for PBXNativeTarget "MusicVisualizerUITests" */ = {
			isa = XCConfigurationList;
			buildConfigurations = (
				BADCADD82E2C241500EA083A /* Debug */,
				BADCADD92E2C241500EA083A /* Release */,
			);
			defaultConfigurationIsVisible = 0;
			defaultConfigurationName = Release;
		};
/* End XCConfigurationList section */
	};
	rootObject = BADCADA52E2C241400EA083A /* Project object */;
}
